
Microsoft Visual Studio Solution File, Format Version 12.00
# Visual Studio Version 17
VisualStudioVersion = 17.2.32616.157
MinimumVisualStudioVersion = 10.0.40219.1
Project("{FAE04EC0-301F-11D3-BF4B-00C04F79EFBC}") = "Lab1", "Lab1\Lab1.csproj", "{BF0DAC13-F453-4F9A-8CE4-FDC028FFCBBB}"
EndProject
Global
	GlobalSection(SolutionConfigurationPlatforms) = preSolution
		Debug|Any CPU = Debug|Any CPU
		Release|Any CPU = Release|Any CPU
	EndGlobalSection
	GlobalSection(ProjectConfigurationPlatforms) = postSolution
		{BF0DAC13-F453-4F9A-8CE4-FDC028FFCBBB}.Debug|Any CPU.ActiveCfg = Debug|Any CPU
		{BF0DAC13-F453-4F9A-8CE4-FDC028FFCBBB}.Debug|Any CPU.Build.0 = Debug|Any CPU
		{BF0DAC13-F453-4F9A-8CE4-FDC028FFCBBB}.Release|Any CPU.ActiveCfg = Release|Any CPU
		{BF0DAC13-F453-4F9A-8CE4-FDC028FFCBBB}.Release|Any CPU.Build.0 = Release|Any CPU
	EndGlobalSection
	GlobalSection(SolutionProperties) = preSolution
		HideSolutionNode = FALSE
	EndGlobalSection
	GlobalSection(ExtensibilityGlobals) = postSolution
		SolutionGuid = {BE77176D-563F-46DE-B4DD-6570E3ABF69B}
	EndGlobalSection
EndGlobal
