
Microsoft Visual Studio Solution File, Format Version 12.00
# Visual Studio Version 17
VisualStudioVersion = 17.4.33213.308
MinimumVisualStudioVersion = 10.0.40219.1
Project("{FAE04EC0-301F-11D3-BF4B-00C04F79EFBC}") = "Lab1", "Lab1.csproj", "{476EB718-81D5-4FF5-A7F4-01323E728313}"
EndProject
Global
	GlobalSection(SolutionConfigurationPlatforms) = preSolution
		Debug|Any CPU = Debug|Any CPU
		Release|Any CPU = Release|Any CPU
	EndGlobalSection
	GlobalSection(ProjectConfigurationPlatforms) = postSolution
		{476EB718-81D5-4FF5-A7F4-01323E728313}.Debug|Any CPU.ActiveCfg = Debug|Any CPU
		{476EB718-81D5-4FF5-A7F4-01323E728313}.Debug|Any CPU.Build.0 = Debug|Any CPU
		{476EB718-81D5-4FF5-A7F4-01323E728313}.Release|Any CPU.ActiveCfg = Release|Any CPU
		{476EB718-81D5-4FF5-A7F4-01323E728313}.Release|Any CPU.Build.0 = Release|Any CPU
	EndGlobalSection
	GlobalSection(SolutionProperties) = preSolution
		HideSolutionNode = FALSE
	EndGlobalSection
	GlobalSection(ExtensibilityGlobals) = postSolution
		SolutionGuid = {E5F55DC3-0CE0-4AF1-B69A-33BAFD2E8933}
	EndGlobalSection
EndGlobal
