
Microsoft Visual Studio Solution File, Format Version 12.00
# Visual Studio Version 17
VisualStudioVersion = 17.4.33213.308
MinimumVisualStudioVersion = 10.0.40219.1
Project("{8BC9CEB8-8B4A-11D0-8D11-00A0C91BC942}") = "Lab1", "Lab1.vcxproj", "{875199B1-55C2-4C1B-AF30-3F7C6D093E55}"
EndProject
Global
	GlobalSection(SolutionConfigurationPlatforms) = preSolution
		Debug|x64 = Debug|x64
		Debug|x86 = Debug|x86
		Release|x64 = Release|x64
		Release|x86 = Release|x86
	EndGlobalSection
	GlobalSection(ProjectConfigurationPlatforms) = postSolution
		{875199B1-55C2-4C1B-AF30-3F7C6D093E55}.Debug|x64.ActiveCfg = Debug|x64
		{875199B1-55C2-4C1B-AF30-3F7C6D093E55}.Debug|x64.Build.0 = Debug|x64
		{875199B1-55C2-4C1B-AF30-3F7C6D093E55}.Debug|x86.ActiveCfg = Debug|Win32
		{875199B1-55C2-4C1B-AF30-3F7C6D093E55}.Debug|x86.Build.0 = Debug|Win32
		{875199B1-55C2-4C1B-AF30-3F7C6D093E55}.Release|x64.ActiveCfg = Release|x64
		{875199B1-55C2-4C1B-AF30-3F7C6D093E55}.Release|x64.Build.0 = Release|x64
		{875199B1-55C2-4C1B-AF30-3F7C6D093E55}.Release|x86.ActiveCfg = Release|Win32
		{875199B1-55C2-4C1B-AF30-3F7C6D093E55}.Release|x86.Build.0 = Release|Win32
	EndGlobalSection
	GlobalSection(SolutionProperties) = preSolution
		HideSolutionNode = FALSE
	EndGlobalSection
	GlobalSection(ExtensibilityGlobals) = postSolution
		SolutionGuid = {D54FB440-951D-4D13-97BC-719F1873E97A}
	EndGlobalSection
EndGlobal
