
Microsoft Visual Studio Solution File, Format Version 12.00
# Visual Studio Version 17
VisualStudioVersion = 17.3.32901.215
MinimumVisualStudioVersion = 10.0.40219.1
Project("{FAE04EC0-301F-11D3-BF4B-00C04F79EFBC}") = "lab8", "lab8.csproj", "{A63F7BF1-71EA-4E82-BF98-AC6E0DCE74F5}"
EndProject
Global
	GlobalSection(SolutionConfigurationPlatforms) = preSolution
		Debug|Any CPU = Debug|Any CPU
		Release|Any CPU = Release|Any CPU
	EndGlobalSection
	GlobalSection(ProjectConfigurationPlatforms) = postSolution
		{A63F7BF1-71EA-4E82-BF98-AC6E0DCE74F5}.Debug|Any CPU.ActiveCfg = Debug|Any CPU
		{A63F7BF1-71EA-4E82-BF98-AC6E0DCE74F5}.Debug|Any CPU.Build.0 = Debug|Any CPU
		{A63F7BF1-71EA-4E82-BF98-AC6E0DCE74F5}.Release|Any CPU.ActiveCfg = Release|Any CPU
		{A63F7BF1-71EA-4E82-BF98-AC6E0DCE74F5}.Release|Any CPU.Build.0 = Release|Any CPU
	EndGlobalSection
	GlobalSection(SolutionProperties) = preSolution
		HideSolutionNode = FALSE
	EndGlobalSection
	GlobalSection(ExtensibilityGlobals) = postSolution
		SolutionGuid = {6D5A556C-7132-4A3C-B638-608DE9E48EB7}
	EndGlobalSection
EndGlobal
