
Microsoft Visual Studio Solution File, Format Version 12.00
# Visual Studio Version 17
VisualStudioVersion = 17.3.32901.215
MinimumVisualStudioVersion = 10.0.40219.1
Project("{8BC9CEB8-8B4A-11D0-8D11-00A0C91BC942}") = "Prim's Methods", "Prim's Methods.vcxproj", "{8362FA5D-7FD6-4DB2-A772-4B887531B1B4}"
EndProject
Project("{8BC9CEB8-8B4A-11D0-8D11-00A0C91BC942}") = "CruskalasMethods", "..\CruskalasMethods\CruskalasMethods.vcxproj", "{4FD4A96E-4AA0-4C25-9BAA-2BFCFC92E634}"
EndProject
Global
	GlobalSection(SolutionConfigurationPlatforms) = preSolution
		Debug|x64 = Debug|x64
		Debug|x86 = Debug|x86
		Release|x64 = Release|x64
		Release|x86 = Release|x86
	EndGlobalSection
	GlobalSection(ProjectConfigurationPlatforms) = postSolution
		{8362FA5D-7FD6-4DB2-A772-4B887531B1B4}.Debug|x64.ActiveCfg = Debug|x64
		{8362FA5D-7FD6-4DB2-A772-4B887531B1B4}.Debug|x64.Build.0 = Debug|x64
		{8362FA5D-7FD6-4DB2-A772-4B887531B1B4}.Debug|x86.ActiveCfg = Debug|Win32
		{8362FA5D-7FD6-4DB2-A772-4B887531B1B4}.Debug|x86.Build.0 = Debug|Win32
		{8362FA5D-7FD6-4DB2-A772-4B887531B1B4}.Release|x64.ActiveCfg = Release|x64
		{8362FA5D-7FD6-4DB2-A772-4B887531B1B4}.Release|x64.Build.0 = Release|x64
		{8362FA5D-7FD6-4DB2-A772-4B887531B1B4}.Release|x86.ActiveCfg = Release|Win32
		{8362FA5D-7FD6-4DB2-A772-4B887531B1B4}.Release|x86.Build.0 = Release|Win32
		{4FD4A96E-4AA0-4C25-9BAA-2BFCFC92E634}.Debug|x64.ActiveCfg = Debug|x64
		{4FD4A96E-4AA0-4C25-9BAA-2BFCFC92E634}.Debug|x64.Build.0 = Debug|x64
		{4FD4A96E-4AA0-4C25-9BAA-2BFCFC92E634}.Debug|x86.ActiveCfg = Debug|Win32
		{4FD4A96E-4AA0-4C25-9BAA-2BFCFC92E634}.Debug|x86.Build.0 = Debug|Win32
		{4FD4A96E-4AA0-4C25-9BAA-2BFCFC92E634}.Release|x64.ActiveCfg = Release|x64
		{4FD4A96E-4AA0-4C25-9BAA-2BFCFC92E634}.Release|x64.Build.0 = Release|x64
		{4FD4A96E-4AA0-4C25-9BAA-2BFCFC92E634}.Release|x86.ActiveCfg = Release|Win32
		{4FD4A96E-4AA0-4C25-9BAA-2BFCFC92E634}.Release|x86.Build.0 = Release|Win32
	EndGlobalSection
	GlobalSection(SolutionProperties) = preSolution
		HideSolutionNode = FALSE
	EndGlobalSection
	GlobalSection(ExtensibilityGlobals) = postSolution
		SolutionGuid = {42CB3629-0B28-4EFF-848A-C27BF0A0B215}
	EndGlobalSection
EndGlobal
